// !$*UTF8*$!
{
	archiveVersion = 1;
	classes = {
	};
	objectVersion = 46;
	objects = {

/* Begin PBXBuildFile section */
		5A3FEFBE1E01140D005366F1 /* MenuController.swift in Sources */ = {isa = PBXBuildFile; fileRef = 5A3FEFBD1E01140D005366F1 /* MenuController.swift */; };
		5A3FEFC01E011628005366F1 /* HomeViewController.swift in Sources */ = {isa = PBXBuildFile; fileRef = 5A3FEFBF1E011628005366F1 /* HomeViewController.swift */; };
		5A3FEFC21E012D0B005366F1 /* TwoPulleyViewController.swift in Sources */ = {isa = PBXBuildFile; fileRef = 5A3FEFC11E012D0B005366F1 /* TwoPulleyViewController.swift */; };
		5A3FEFC41E012D37005366F1 /* ThreePulleyViewController.swift in Sources */ = {isa = PBXBuildFile; fileRef = 5A3FEFC31E012D37005366F1 /* ThreePulleyViewController.swift */; };
		5A3FEFC61E012F44005366F1 /* SettingsViewController.swift in Sources */ = {isa = PBXBuildFile; fileRef = 5A3FEFC51E012F44005366F1 /* SettingsViewController.swift */; };
		5A3FEFC81E012FD8005366F1 /* AboutViewController.swift in Sources */ = {isa = PBXBuildFile; fileRef = 5A3FEFC71E012FD8005366F1 /* AboutViewController.swift */; };
		5A3FEFCB1E013954005366F1 /* Main.storyboard in Resources */ = {isa = PBXBuildFile; fileRef = 5A3FEFC91E013954005366F1 /* Main.storyboard */; };
		5A403BCC1E00E6C70069AA1D /* AppDelegate.swift in Sources */ = {isa = PBXBuildFile; fileRef = 5A403BCB1E00E6C70069AA1D /* AppDelegate.swift */; };
		5A403BCE1E00E6C70069AA1D /* ViewController.swift in Sources */ = {isa = PBXBuildFile; fileRef = 5A403BCD1E00E6C70069AA1D /* ViewController.swift */; };
		5A403BD41E00E6C70069AA1D /* V_Beltcalc.xcdatamodeld in Sources */ = {isa = PBXBuildFile; fileRef = 5A403BD21E00E6C70069AA1D /* V_Beltcalc.xcdatamodeld */; };
		5A403BD61E00E6C70069AA1D /* Assets.xcassets in Resources */ = {isa = PBXBuildFile; fileRef = 5A403BD51E00E6C70069AA1D /* Assets.xcassets */; };
		5A403BD91E00E6C70069AA1D /* LaunchScreen.storyboard in Resources */ = {isa = PBXBuildFile; fileRef = 5A403BD71E00E6C70069AA1D /* LaunchScreen.storyboard */; };
		5A403BE21E00EFAE0069AA1D /* SWRevealViewController.m in Sources */ = {isa = PBXBuildFile; fileRef = 5A403BE11E00EFAE0069AA1D /* SWRevealViewController.m */; };
/* End PBXBuildFile section */

/* Begin PBXFileReference section */
		5A3FEFBD1E01140D005366F1 /* MenuController.swift */ = {isa = PBXFileReference; fileEncoding = 4; lastKnownFileType = sourcecode.swift; path = MenuController.swift; sourceTree = "<group>"; };
		5A3FEFBF1E011628005366F1 /* HomeViewController.swift */ = {isa = PBXFileReference; fileEncoding = 4; lastKnownFileType = sourcecode.swift; path = HomeViewController.swift; sourceTree = "<group>"; };
		5A3FEFC11E012D0B005366F1 /* TwoPulleyViewController.swift */ = {isa = PBXFileReference; fileEncoding = 4; lastKnownFileType = sourcecode.swift; path = TwoPulleyViewController.swift; sourceTree = "<group>"; };
		5A3FEFC31E012D37005366F1 /* ThreePulleyViewController.swift */ = {isa = PBXFileReference; fileEncoding = 4; lastKnownFileType = sourcecode.swift; path = ThreePulleyViewController.swift; sourceTree = "<group>"; };
		5A3FEFC51E012F44005366F1 /* SettingsViewController.swift */ = {isa = PBXFileReference; fileEncoding = 4; lastKnownFileType = sourcecode.swift; path = SettingsViewController.swift; sourceTree = "<group>"; };
		5A3FEFC71E012FD8005366F1 /* AboutViewController.swift */ = {isa = PBXFileReference; fileEncoding = 4; lastKnownFileType = sourcecode.swift; path = AboutViewController.swift; sourceTree = "<group>"; };
		5A3FEFCA1E013954005366F1 /* Base */ = {isa = PBXFileReference; lastKnownFileType = file.storyboard; name = Base; path = Base.lproj/Main.storyboard; sourceTree = "<group>"; };
		5A403BC81E00E6C70069AA1D /* V-Beltcalc.app */ = {isa = PBXFileReference; explicitFileType = wrapper.application; includeInIndex = 0; path = "V-Beltcalc.app"; sourceTree = BUILT_PRODUCTS_DIR; };
		5A403BCB1E00E6C70069AA1D /* AppDelegate.swift */ = {isa = PBXFileReference; lastKnownFileType = sourcecode.swift; path = AppDelegate.swift; sourceTree = "<group>"; };
		5A403BCD1E00E6C70069AA1D /* ViewController.swift */ = {isa = PBXFileReference; lastKnownFileType = sourcecode.swift; path = ViewController.swift; sourceTree = "<group>"; };
		5A403BD31E00E6C70069AA1D /* V_Beltcalc.xcdatamodel */ = {isa = PBXFileReference; lastKnownFileType = wrapper.xcdatamodel; path = V_Beltcalc.xcdatamodel; sourceTree = "<group>"; };
		5A403BD51E00E6C70069AA1D /* Assets.xcassets */ = {isa = PBXFileReference; lastKnownFileType = folder.assetcatalog; path = Assets.xcassets; sourceTree = "<group>"; };
		5A403BD81E00E6C70069AA1D /* Base */ = {isa = PBXFileReference; lastKnownFileType = file.storyboard; name = Base; path = Base.lproj/LaunchScreen.storyboard; sourceTree = "<group>"; };
		5A403BDA1E00E6C70069AA1D /* Info.plist */ = {isa = PBXFileReference; lastKnownFileType = text.plist.xml; path = Info.plist; sourceTree = "<group>"; };
		5A403BE01E00EFAD0069AA1D /* V-Beltcalc-Bridging-Header.h */ = {isa = PBXFileReference; lastKnownFileType = sourcecode.c.h; path = "V-Beltcalc-Bridging-Header.h"; sourceTree = "<group>"; };
		5A403BE11E00EFAE0069AA1D /* SWRevealViewController.m */ = {isa = PBXFileReference; fileEncoding = 4; lastKnownFileType = sourcecode.c.objc; path = SWRevealViewController.m; sourceTree = "<group>"; };
		5A403BE31E00F0A80069AA1D /* SWRevealViewController.h */ = {isa = PBXFileReference; lastKnownFileType = sourcecode.c.h; path = SWRevealViewController.h; sourceTree = "<group>"; };
/* End PBXFileReference section */

/* Begin PBXFrameworksBuildPhase section */
		5A403BC51E00E6C70069AA1D /* Frameworks */ = {
			isa = PBXFrameworksBuildPhase;
			buildActionMask = 2147483647;
			files = (
			);
			runOnlyForDeploymentPostprocessing = 0;
		};
/* End PBXFrameworksBuildPhase section */

/* Begin PBXGroup section */
		5A403BBF1E00E6C60069AA1D = {
			isa = PBXGroup;
			children = (
				5A403BCA1E00E6C70069AA1D /* V-Beltcalc */,
				5A403BC91E00E6C70069AA1D /* Products */,
			);
			sourceTree = "<group>";
		};
		5A403BC91E00E6C70069AA1D /* Products */ = {
			isa = PBXGroup;
			children = (
				5A403BC81E00E6C70069AA1D /* V-Beltcalc.app */,
			);
			name = Products;
			sourceTree = "<group>";
		};
		5A403BCA1E00E6C70069AA1D /* V-Beltcalc */ = {
			isa = PBXGroup;
			children = (
				5A403BE41E0100A30069AA1D /* SWRevealViewController */,
				5A403BCB1E00E6C70069AA1D /* AppDelegate.swift */,
				5A403BCD1E00E6C70069AA1D /* ViewController.swift */,
				5A403BD51E00E6C70069AA1D /* Assets.xcassets */,
				5A3FEFC91E013954005366F1 /* Main.storyboard */,
				5A403BD71E00E6C70069AA1D /* LaunchScreen.storyboard */,
				5A403BDA1E00E6C70069AA1D /* Info.plist */,
				5A403BD21E00E6C70069AA1D /* V_Beltcalc.xcdatamodeld */,
				5A3FEFBD1E01140D005366F1 /* MenuController.swift */,
				5A3FEFBF1E011628005366F1 /* HomeViewController.swift */,
				5A3FEFC11E012D0B005366F1 /* TwoPulleyViewController.swift */,
				5A3FEFC31E012D37005366F1 /* ThreePulleyViewController.swift */,
				5A3FEFC51E012F44005366F1 /* SettingsViewController.swift */,
				5A3FEFC71E012FD8005366F1 /* AboutViewController.swift */,
			);
			path = "V-Beltcalc";
			sourceTree = "<group>";
		};
		5A403BE41E0100A30069AA1D /* SWRevealViewController */ = {
			isa = PBXGroup;
			children = (
				5A403BE01E00EFAD0069AA1D /* V-Beltcalc-Bridging-Header.h */,
				5A403BE11E00EFAE0069AA1D /* SWRevealViewController.m */,
				5A403BE31E00F0A80069AA1D /* SWRevealViewController.h */,
			);
			name = SWRevealViewController;
			sourceTree = "<group>";
		};
/* End PBXGroup section */

/* Begin PBXNativeTarget section */
		5A403BC71E00E6C70069AA1D /* V-Beltcalc */ = {
			isa = PBXNativeTarget;
			buildConfigurationList = 5A403BDD1E00E6C70069AA1D /* Build configuration list for PBXNativeTarget "V-Beltcalc" */;
			buildPhases = (
				5A403BC41E00E6C70069AA1D /* Sources */,
				5A403BC51E00E6C70069AA1D /* Frameworks */,
				5A403BC61E00E6C70069AA1D /* Resources */,
			);
			buildRules = (
			);
			dependencies = (
			);
			name = "V-Beltcalc";
			productName = "V-Beltcalc";
			productReference = 5A403BC81E00E6C70069AA1D /* V-Beltcalc.app */;
			productType = "com.apple.product-type.application";
		};
/* End PBXNativeTarget section */

/* Begin PBXProject section */
		5A403BC01E00E6C60069AA1D /* Project object */ = {
			isa = PBXProject;
			attributes = {
				LastSwiftUpdateCheck = 0810;
				LastUpgradeCheck = 0810;
				ORGANIZATIONNAME = "Philip Cesar Garay";
				TargetAttributes = {
					5A403BC71E00E6C70069AA1D = {
						CreatedOnToolsVersion = 8.1;
						DevelopmentTeam = T452ZH54XV;
						LastSwiftMigration = 0810;
						ProvisioningStyle = Automatic;
					};
				};
			};
			buildConfigurationList = 5A403BC31E00E6C70069AA1D /* Build configuration list for PBXProject "V-Beltcalc" */;
			compatibilityVersion = "Xcode 3.2";
			developmentRegion = English;
			hasScannedForEncodings = 0;
			knownRegions = (
				en,
				Base,
			);
			mainGroup = 5A403BBF1E00E6C60069AA1D;
			productRefGroup = 5A403BC91E00E6C70069AA1D /* Products */;
			projectDirPath = "";
			projectRoot = "";
			targets = (
				5A403BC71E00E6C70069AA1D /* V-Beltcalc */,
			);
		};
/* End PBXProject section */

/* Begin PBXResourcesBuildPhase section */
		5A403BC61E00E6C70069AA1D /* Resources */ = {
			isa = PBXResourcesBuildPhase;
			buildActionMask = 2147483647;
			files = (
				5A3FEFCB1E013954005366F1 /* Main.storyboard in Resources */,
				5A403BD91E00E6C70069AA1D /* LaunchScreen.storyboard in Resources */,
				5A403BD61E00E6C70069AA1D /* Assets.xcassets in Resources */,
			);
			runOnlyForDeploymentPostprocessing = 0;
		};
/* End PBXResourcesBuildPhase section */

/* Begin PBXSourcesBuildPhase section */
		5A403BC41E00E6C70069AA1D /* Sources */ = {
			isa = PBXSourcesBuildPhase;
			buildActionMask = 2147483647;
			files = (
				5A3FEFBE1E01140D005366F1 /* MenuController.swift in Sources */,
				5A403BCE1E00E6C70069AA1D /* ViewController.swift in Sources */,
				5A3FEFC01E011628005366F1 /* HomeViewController.swift in Sources */,
				5A403BD41E00E6C70069AA1D /* V_Beltcalc.xcdatamodeld in Sources */,
				5A3FEFC41E012D37005366F1 /* ThreePulleyViewController.swift in Sources */,
				5A403BCC1E00E6C70069AA1D /* AppDelegate.swift in Sources */,
				5A403BE21E00EFAE0069AA1D /* SWRevealViewController.m in Sources */,
				5A3FEFC21E012D0B005366F1 /* TwoPulleyViewController.swift in Sources */,
				5A3FEFC81E012FD8005366F1 /* AboutViewController.swift in Sources */,
				5A3FEFC61E012F44005366F1 /* SettingsViewController.swift in Sources */,
			);
			runOnlyForDeploymentPostprocessing = 0;
		};
/* End PBXSourcesBuildPhase section */

/* Begin PBXVariantGroup section */
		5A3FEFC91E013954005366F1 /* Main.storyboard */ = {
			isa = PBXVariantGroup;
			children = (
				5A3FEFCA1E013954005366F1 /* Base */,
			);
			name = Main.storyboard;
			sourceTree = "<group>";
		};
		5A403BD71E00E6C70069AA1D /* LaunchScreen.storyboard */ = {
			isa = PBXVariantGroup;
			children = (
				5A403BD81E00E6C70069AA1D /* Base */,
			);
			name = LaunchScreen.storyboard;
			sourceTree = "<group>";
		};
/* End PBXVariantGroup section */

/* Begin XCBuildConfiguration section */
		5A403BDB1E00E6C70069AA1D /* Debug */ = {
			isa = XCBuildConfiguration;
			buildSettings = {
				ALWAYS_SEARCH_USER_PATHS = NO;
				CLANG_ANALYZER_NONNULL = YES;
				CLANG_CXX_LANGUAGE_STANDARD = "gnu++0x";
				CLANG_CXX_LIBRARY = "libc++";
				CLANG_ENABLE_MODULES = YES;
				CLANG_ENABLE_OBJC_ARC = YES;
				CLANG_WARN_BOOL_CONVERSION = YES;
				CLANG_WARN_CONSTANT_CONVERSION = YES;
				CLANG_WARN_DIRECT_OBJC_ISA_USAGE = YES_ERROR;
				CLANG_WARN_DOCUMENTATION_COMMENTS = YES;
				CLANG_WARN_EMPTY_BODY = YES;
				CLANG_WARN_ENUM_CONVERSION = YES;
				CLANG_WARN_INFINITE_RECURSION = YES;
				CLANG_WARN_INT_CONVERSION = YES;
				CLANG_WARN_OBJC_ROOT_CLASS = YES_ERROR;
				CLANG_WARN_SUSPICIOUS_MOVES = YES;
				CLANG_WARN_UNREACHABLE_CODE = YES;
				CLANG_WARN__DUPLICATE_METHOD_MATCH = YES;
				"CODE_SIGN_IDENTITY[sdk=iphoneos*]" = "iPhone Developer";
				COPY_PHASE_STRIP = NO;
				DEBUG_INFORMATION_FORMAT = dwarf;
				ENABLE_STRICT_OBJC_MSGSEND = YES;
				ENABLE_TESTABILITY = YES;
				GCC_C_LANGUAGE_STANDARD = gnu99;
				GCC_DYNAMIC_NO_PIC = NO;
				GCC_NO_COMMON_BLOCKS = YES;
				GCC_OPTIMIZATION_LEVEL = 0;
				GCC_PREPROCESSOR_DEFINITIONS = (
					"DEBUG=1",
					"$(inherited)",
				);
				GCC_WARN_64_TO_32_BIT_CONVERSION = YES;
				GCC_WARN_ABOUT_RETURN_TYPE = YES_ERROR;
				GCC_WARN_UNDECLARED_SELECTOR = YES;
				GCC_WARN_UNINITIALIZED_AUTOS = YES_AGGRESSIVE;
				GCC_WARN_UNUSED_FUNCTION = YES;
				GCC_WARN_UNUSED_VARIABLE = YES;
				IPHONEOS_DEPLOYMENT_TARGET = 10.1;
				MTL_ENABLE_DEBUG_INFO = YES;
				ONLY_ACTIVE_ARCH = YES;
				SDKROOT = iphoneos;
				SWIFT_ACTIVE_COMPILATION_CONDITIONS = DEBUG;
				SWIFT_OPTIMIZATION_LEVEL = "-Onone";
				TARGETED_DEVICE_FAMILY = "1,2";
			};
			name = Debug;
		};
		5A403BDC1E00E6C70069AA1D /* Release */ = {
			isa = XCBuildConfiguration;
			buildSettings = {
				ALWAYS_SEARCH_USER_PATHS = NO;
				CLANG_ANALYZER_NONNULL = YES;
				CLANG_CXX_LANGUAGE_STANDARD = "gnu++0x";
				CLANG_CXX_LIBRARY = "libc++";
				CLANG_ENABLE_MODULES = YES;
				CLANG_ENABLE_OBJC_ARC = YES;
				CLANG_WARN_BOOL_CONVERSION = YES;
				CLANG_WARN_CONSTANT_CONVERSION = YES;
				CLANG_WARN_DIRECT_OBJC_ISA_USAGE = YES_ERROR;
				CLANG_WARN_DOCUMENTATION_COMMENTS = YES;
				CLANG_WARN_EMPTY_BODY = YES;
				CLANG_WARN_ENUM_CONVERSION = YES;
				CLANG_WARN_INFINITE_RECURSION = YES;
				CLANG_WARN_INT_CONVERSION = YES;
				CLANG_WARN_OBJC_ROOT_CLASS = YES_ERROR;
				CLANG_WARN_SUSPICIOUS_MOVES = YES;
				CLANG_WARN_UNREACHABLE_CODE = YES;
				CLANG_WARN__DUPLICATE_METHOD_MATCH = YES;
				"CODE_SIGN_IDENTITY[sdk=iphoneos*]" = "iPhone Developer";
				COPY_PHASE_STRIP = NO;
				DEBUG_INFORMATION_FORMAT = "dwarf-with-dsym";
				ENABLE_NS_ASSERTIONS = NO;
				ENABLE_STRICT_OBJC_MSGSEND = YES;
				GCC_C_LANGUAGE_STANDARD = gnu99;
				GCC_NO_COMMON_BLOCKS = YES;
				GCC_WARN_64_TO_32_BIT_CONVERSION = YES;
				GCC_WARN_ABOUT_RETURN_TYPE = YES_ERROR;
				GCC_WARN_UNDECLARED_SELECTOR = YES;
				GCC_WARN_UNINITIALIZED_AUTOS = YES_AGGRESSIVE;
				GCC_WARN_UNUSED_FUNCTION = YES;
				GCC_WARN_UNUSED_VARIABLE = YES;
				IPHONEOS_DEPLOYMENT_TARGET = 10.1;
				MTL_ENABLE_DEBUG_INFO = NO;
				SDKROOT = iphoneos;
				SWIFT_OPTIMIZATION_LEVEL = "-Owholemodule";
				TARGETED_DEVICE_FAMILY = "1,2";
				VALIDATE_PRODUCT = YES;
			};
			name = Release;
		};
		5A403BDE1E00E6C70069AA1D /* Debug */ = {
			isa = XCBuildConfiguration;
			buildSettings = {
				ASSETCATALOG_COMPILER_APPICON_NAME = AppIcon;
				CLANG_ENABLE_MODULES = YES;
				DEVELOPMENT_TEAM = T452ZH54XV;
				INFOPLIST_FILE = "V-Beltcalc/Info.plist";
				LD_RUNPATH_SEARCH_PATHS = "$(inherited) @executable_path/Frameworks";
				PRODUCT_BUNDLE_IDENTIFIER = "-LOOP.V-Beltcalc";
				PRODUCT_NAME = "$(TARGET_NAME)";
				SWIFT_OBJC_BRIDGING_HEADER = "V-Beltcalc/V-Beltcalc-Bridging-Header.h";
				SWIFT_OPTIMIZATION_LEVEL = "-Onone";
				SWIFT_VERSION = 3.0;
			};
			name = Debug;
		};
		5A403BDF1E00E6C70069AA1D /* Release */ = {
			isa = XCBuildConfiguration;
			buildSettings = {
				ASSETCATALOG_COMPILER_APPICON_NAME = AppIcon;
				CLANG_ENABLE_MODULES = YES;
				DEVELOPMENT_TEAM = T452ZH54XV;
				INFOPLIST_FILE = "V-Beltcalc/Info.plist";
				LD_RUNPATH_SEARCH_PATHS = "$(inherited) @executable_path/Frameworks";
				PRODUCT_BUNDLE_IDENTIFIER = "-LOOP.V-Beltcalc";
				PRODUCT_NAME = "$(TARGET_NAME)";
				SWIFT_OBJC_BRIDGING_HEADER = "V-Beltcalc/V-Beltcalc-Bridging-Header.h";
				SWIFT_VERSION = 3.0;
			};
			name = Release;
		};
/* End XCBuildConfiguration section */

/* Begin XCConfigurationList section */
		5A403BC31E00E6C70069AA1D /* Build configuration list for PBXProject "V-Beltcalc" */ = {
			isa = XCConfigurationList;
			buildConfigurations = (
				5A403BDB1E00E6C70069AA1D /* Debug */,
				5A403BDC1E00E6C70069AA1D /* Release */,
			);
			defaultConfigurationIsVisible = 0;
			defaultConfigurationName = Release;
		};
		5A403BDD1E00E6C70069AA1D /* Build configuration list for PBXNativeTarget "V-Beltcalc" */ = {
			isa = XCConfigurationList;
			buildConfigurations = (
				5A403BDE1E00E6C70069AA1D /* Debug */,
				5A403BDF1E00E6C70069AA1D /* Release */,
			);
			defaultConfigurationIsVisible = 0;
			defaultConfigurationName = Release;
		};
/* End XCConfigurationList section */

/* Begin XCVersionGroup section */
		5A403BD21E00E6C70069AA1D /* V_Beltcalc.xcdatamodeld */ = {
			isa = XCVersionGroup;
			children = (
				5A403BD31E00E6C70069AA1D /* V_Beltcalc.xcdatamodel */,
			);
			currentVersion = 5A403BD31E00E6C70069AA1D /* V_Beltcalc.xcdatamodel */;
			path = V_Beltcalc.xcdatamodeld;
			sourceTree = "<group>";
			versionGroupType = wrapper.xcdatamodel;
		};
/* End XCVersionGroup section */
	};
	rootObject = 5A403BC01E00E6C60069AA1D /* Project object */;
}
